
Microsoft Visual Studio Solution File, Format Version 12.00
# Visual Studio Version 17
VisualStudioVersion = 17.5.33530.505
MinimumVisualStudioVersion = 10.0.40219.1
Project("{FAE04EC0-301F-11D3-BF4B-00C04F79EFBC}") = "TestAPI.WebAPI", "TestAPI.WebAPI\TestAPI.WebAPI.csproj", "{9357D797-89B1-47A8-9E5D-56A48A2507EC}"
EndProject
Global
	GlobalSection(SolutionConfigurationPlatforms) = preSolution
		Debug|Any CPU = Debug|Any CPU
		Release|Any CPU = Release|Any CPU
	EndGlobalSection
	GlobalSection(ProjectConfigurationPlatforms) = postSolution
		{9357D797-89B1-47A8-9E5D-56A48A2507EC}.Debug|Any CPU.ActiveCfg = Debug|Any CPU
		{9357D797-89B1-47A8-9E5D-56A48A2507EC}.Debug|Any CPU.Build.0 = Debug|Any CPU
		{9357D797-89B1-47A8-9E5D-56A48A2507EC}.Release|Any CPU.ActiveCfg = Release|Any CPU
		{9357D797-89B1-47A8-9E5D-56A48A2507EC}.Release|Any CPU.Build.0 = Release|Any CPU
	EndGlobalSection
	GlobalSection(SolutionProperties) = preSolution
		HideSolutionNode = FALSE
	EndGlobalSection
	GlobalSection(ExtensibilityGlobals) = postSolution
		SolutionGuid = {41CF7A16-7F4A-43FB-BE1C-DC0D6BFF2B2A}
	EndGlobalSection
EndGlobal
